# @generated by Move, please check-in and do not edit manually.

[move]
version = 3
manifest_digest = "3C13BDE317B3D97E146DC815138B00EC04803FF860EB77476BEFF536B07BA0DE"
deps_digest = "3C4103934B1E040BB6B23F1D610B4EF9F2F1166A50A104EADCF77467C004C600"
dependencies = [
  { id = "Dubhe", name = "Dubhe" },
  { id = "Sui", name = "Sui" },
]

[[move.package]]
id = "Dubhe"
source = { local = "../dubhe-framework" }

dependencies = [
  { id = "Sui", name = "Sui" },
]

[[move.package]]
id = "MoveStdlib"
source = { git = "https://github.com/MystenLabs/sui.git", rev = "mainnet-v1.46.3", subdir = "crates/sui-framework/packages/move-stdlib" }

[[move.package]]
id = "Sui"
source = { git = "https://github.com/MystenLabs/sui.git", rev = "mainnet-v1.46.3", subdir = "crates/sui-framework/packages/sui-framework" }

dependencies = [
  { id = "MoveStdlib", name = "MoveStdlib" },
]
















[env.localnet]
chain-id = "33039b02"
original-published-id = "0x42d6e5a2de1f157471b878fad7f23aa29062314b3b263934bd4860ec876726b1"
latest-published-id = "0x42d6e5a2de1f157471b878fad7f23aa29062314b3b263934bd4860ec876726b1"
published-version = "1"
