# @generated by Move, please check-in and do not edit manually.

[move]
version = 3
manifest_digest = "7BB4B45E0BFD2C67E8395087F10A5BB7C405F8B4D98DAF0EC0B5CB22473083DD"
deps_digest = "F8BBB0CCB2491CA29A3DF03D6F92277A4F3574266507ACD77214D37ECA3F3082"
dependencies = [
  { id = "Sui", name = "Sui" },
]

[[move.package]]
id = "MoveStdlib"
source = { local = "../0x1" }

[[move.package]]
id = "Sui"
source = { local = "../0x2" }

dependencies = [
  { id = "MoveStdlib", name = "MoveStdlib" },
]

[move.toolchain-version]
compiler-version = "1.49.2"
edition = "2024"
flavor = "sui"

[env.localnet]
chain-id = "06a39762"
original-published-id = "0xfbd562d566fe32350802831fc404f9d938b42ae9893ca11f1d14b89e2aa9ec6a"
latest-published-id = "0xfbd562d566fe32350802831fc404f9d938b42ae9893ca11f1d14b89e2aa9ec6a"
published-version = "1"
