# @generated by Move, please check-in and do not edit manually.

[move]
version = 3
manifest_digest = "DA03D83EEE12AA7EB9A5682A635EA361CD7298F49E476DAB0A590215FEA43342"
deps_digest = "F8BBB0CCB2491CA29A3DF03D6F92277A4F3574266507ACD77214D37ECA3F3082"
dependencies = [
  { id = "Sui", name = "Sui" },
]

[[move.package]]
id = "MoveStdlib"
source = { git = "https://github.com/MystenLabs/sui.git", rev = "mainnet-v1.46.3", subdir = "crates/sui-framework/packages/move-stdlib" }

[[move.package]]
id = "Sui"
source = { git = "https://github.com/MystenLabs/sui.git", rev = "mainnet-v1.46.3", subdir = "crates/sui-framework/packages/sui-framework" }

dependencies = [
  { id = "MoveStdlib", name = "MoveStdlib" },
]

[move.toolchain-version]
compiler-version = "1.52.1"
edition = "2024"
flavor = "sui"

[env]

[env.testnet]
chain-id = "4c78adac"
original-published-id = "0x8c7013745af0eb1ab211cde05b40ee6e2130276664d7e3e3741a36f11fa9f20b"
latest-published-id = "0x8c7013745af0eb1ab211cde05b40ee6e2130276664d7e3e3741a36f11fa9f20b"
published-version = "1"
