# @generated by Move, please check-in and do not edit manually.

[move]
version = 3
manifest_digest = "37AB9AF026DCFE39A2424465948042724966E8EE31FEA50939C2C80E1CD9EAA1"
deps_digest = "3C4103934B1E040BB6B23F1D610B4EF9F2F1166A50A104EADCF77467C004C600"
dependencies = [
  { id = "Dubhe", name = "Dubhe" },
  { id = "Sui", name = "Sui" },
]

[[move.package]]
id = "Dubhe"
source = { local = "../dubhe" }

dependencies = [
  { id = "Sui", name = "Sui" },
]

[[move.package]]
id = "MoveStdlib"
source = { git = "https://github.com/MystenLabs/sui.git", rev = "mainnet-v1.46.3", subdir = "crates/sui-framework/packages/move-stdlib" }

[[move.package]]
id = "Sui"
source = { git = "https://github.com/MystenLabs/sui.git", rev = "mainnet-v1.46.3", subdir = "crates/sui-framework/packages/sui-framework" }

dependencies = [
  { id = "MoveStdlib", name = "MoveStdlib" },
]

[move.toolchain-version]
compiler-version = "1.51.2"
edition = "2024"
flavor = "sui"















































[env.localnet]
chain-id = "d7b11d56"
original-published-id = "0x5a95b03d5aedeb8f09a0462c25c92c3dda8f6b2dfeadc6d6e54fbc8e050d7092"
latest-published-id = "0x5a95b03d5aedeb8f09a0462c25c92c3dda8f6b2dfeadc6d6e54fbc8e050d7092"
published-version = "1"
