# @generated by Move, please check-in and do not edit manually.

[move]
version = 3
manifest_digest = "F67D57D8267A12BCCF8A98B2566F9B6A8DF5853272672F0EACE1F23EDF0CEAFD"
deps_digest = "F8BBB0CCB2491CA29A3DF03D6F92277A4F3574266507ACD77214D37ECA3F3082"
dependencies = [
  { id = "Sui", name = "Sui" },
]

[[move.package]]
id = "MoveStdlib"
source = { git = "https://github.com/MystenLabs/sui.git", rev = "mainnet-v1.46.3", subdir = "crates/sui-framework/packages/move-stdlib" }

[[move.package]]
id = "Sui"
source = { git = "https://github.com/MystenLabs/sui.git", rev = "mainnet-v1.46.3", subdir = "crates/sui-framework/packages/sui-framework" }

dependencies = [
  { id = "MoveStdlib", name = "MoveStdlib" },
]

[move.toolchain-version]
compiler-version = "1.40.1"
edition = "2024"
flavor = "sui"


[env.testnet]
chain-id = "4c78adac"
original-published-id = "0xe2a38ae55a486bcaf79658cde76894207cada4d64d3cb1b2b06c6c12c10d5d5b"
latest-published-id = "0x9f07d65327befdc814938d322c0ce504e0af0d978a0a40ed7a56b31c46b92723"
published-version = "2"
