# @generated by Move, please check-in and do not edit manually.

[move]
version = 3
manifest_digest = "37AB9AF026DCFE39A2424465948042724966E8EE31FEA50939C2C80E1CD9EAA1"
deps_digest = "3C4103934B1E040BB6B23F1D610B4EF9F2F1166A50A104EADCF77467C004C600"
dependencies = [
  { id = "Dubhe", name = "Dubhe" },
  { id = "Sui", name = "Sui" },
]

[[move.package]]
id = "Dubhe"
source = { local = "../dubhe" }

dependencies = [
  { id = "Sui", name = "Sui" },
]

[[move.package]]
id = "MoveStdlib"
source = { git = "https://github.com/MystenLabs/sui.git", rev = "mainnet-v1.46.3", subdir = "crates/sui-framework/packages/move-stdlib" }

[[move.package]]
id = "Sui"
source = { git = "https://github.com/MystenLabs/sui.git", rev = "mainnet-v1.46.3", subdir = "crates/sui-framework/packages/sui-framework" }

dependencies = [
  { id = "MoveStdlib", name = "MoveStdlib" },
]








[env.localnet]
chain-id = "30ff4aca"
original-published-id = "0x6fd30d0e372e167b4b622c68d38e1ee40a7112094da152c0a2418e5c539f15a9"
latest-published-id = "0x6fd30d0e372e167b4b622c68d38e1ee40a7112094da152c0a2418e5c539f15a9"
published-version = "1"
