# @generated by Move, please check-in and do not edit manually.

[move]
version = 3
manifest_digest = "3B59651E66959EE6054B36F59BAF8CBB8B8A9C328B835B6F377A49EB173D18B1"
deps_digest = "3C4103934B1E040BB6B23F1D610B4EF9F2F1166A50A104EADCF77467C004C600"
dependencies = [
  { id = "Sui", name = "Sui" },
  { id = "dubhe", name = "dubhe" },
]

[[move.package]]
id = "MoveStdlib"
source = { local = "../0x1" }

[[move.package]]
id = "Sui"
source = { local = "../0x2" }

dependencies = [
  { id = "MoveStdlib", name = "MoveStdlib" },
]

[[move.package]]
id = "dubhe"
source = { local = "../0xfbd562d566fe32350802831fc404f9d938b42ae9893ca11f1d14b89e2aa9ec6a" }

dependencies = [
  { id = "Sui", name = "Sui" },
]

[move.toolchain-version]
compiler-version = "1.49.2"
edition = "2024"
flavor = "sui"

[env.localnet]
chain-id = "06a39762"
original-published-id = "0x9c2e25aa497c6f73faffe909b50bac93d0987d8fae4f7ab85503668692f2b143"
latest-published-id = "0x9c2e25aa497c6f73faffe909b50bac93d0987d8fae4f7ab85503668692f2b143"
published-version = "1"
